// !$*UTF8*$!
{
	archiveVersion = 1;
	classes = {
	};
	objectVersion = 56;
	objects = {

/* Begin PBXBuildFile section */
		DC2A3B762A75962B0053F194 /* CallList.swift in Sources */ = {isa = PBXBuildFile; fileRef = DC2A3B752A75962B0053F194 /* CallList.swift */; };
		DC2A3B782A7596790053F194 /* Call.swift in Sources */ = {isa = PBXBuildFile; fileRef = DC2A3B772A7596790053F194 /* Call.swift */; };
		DC33EBC12A754D4C007EEAAD /* AudioRecorder.swift in Sources */ = {isa = PBXBuildFile; fileRef = DC33EBC02A754D4C007EEAAD /* AudioRecorder.swift */; };
		DC91251D2A7574ED00463A57 /* Alamofire in Frameworks */ = {isa = PBXBuildFile; productRef = DC91251C2A7574ED00463A57 /* Alamofire */; };
		DC9125202A75753900463A57 /* SwiftyJSON in Frameworks */ = {isa = PBXBuildFile; productRef = DC91251F2A75753900463A57 /* SwiftyJSON */; };
		DC9125222A75866000463A57 /* RecordButton.swift in Sources */ = {isa = PBXBuildFile; fileRef = DC9125212A75866000463A57 /* RecordButton.swift */; };
		DCC3BAD22A75BAE7009F6488 /* LocationManager.swift in Sources */ = {isa = PBXBuildFile; fileRef = DCC3BAD12A75BAE7009F6488 /* LocationManager.swift */; };
		DCE8AC1B2A75390600406CDA /* Wrist Aid.app in Embed Watch Content */ = {isa = PBXBuildFile; fileRef = DCE8AC1A2A75390600406CDA /* Wrist Aid.app */; settings = {ATTRIBUTES = (RemoveHeadersOnCopy, ); }; };
		DCE8AC202A75390600406CDA /* watch_appApp.swift in Sources */ = {isa = PBXBuildFile; fileRef = DCE8AC1F2A75390600406CDA /* watch_appApp.swift */; };
		DCE8AC222A75390600406CDA /* ContentView.swift in Sources */ = {isa = PBXBuildFile; fileRef = DCE8AC212A75390600406CDA /* ContentView.swift */; };
		DCE8AC242A75390700406CDA /* Assets.xcassets in Resources */ = {isa = PBXBuildFile; fileRef = DCE8AC232A75390700406CDA /* Assets.xcassets */; };
		DCE8AC272A75390700406CDA /* Preview Assets.xcassets in Resources */ = {isa = PBXBuildFile; fileRef = DCE8AC262A75390700406CDA /* Preview Assets.xcassets */; };
/* End PBXBuildFile section */

/* Begin PBXContainerItemProxy section */
		DCE8AC1C2A75390600406CDA /* PBXContainerItemProxy */ = {
			isa = PBXContainerItemProxy;
			containerPortal = DCE8AC0E2A75390600406CDA /* Project object */;
			proxyType = 1;
			remoteGlobalIDString = DCE8AC192A75390600406CDA;
			remoteInfo = "watch-app Watch App";
		};
/* End PBXContainerItemProxy section */

/* Begin PBXCopyFilesBuildPhase section */
		DCE8AC2D2A75390700406CDA /* Embed Watch Content */ = {
			isa = PBXCopyFilesBuildPhase;
			buildActionMask = 2147483647;
			dstPath = "$(CONTENTS_FOLDER_PATH)/Watch";
			dstSubfolderSpec = 16;
			files = (
				DCE8AC1B2A75390600406CDA /* Wrist Aid.app in Embed Watch Content */,
			);
			name = "Embed Watch Content";
			runOnlyForDeploymentPostprocessing = 0;
		};
/* End PBXCopyFilesBuildPhase section */

/* Begin PBXFileReference section */
		DC2A3B752A75962B0053F194 /* CallList.swift */ = {isa = PBXFileReference; lastKnownFileType = sourcecode.swift; path = CallList.swift; sourceTree = "<group>"; };
		DC2A3B772A7596790053F194 /* Call.swift */ = {isa = PBXFileReference; lastKnownFileType = sourcecode.swift; path = Call.swift; sourceTree = "<group>"; };
		DC33EBC02A754D4C007EEAAD /* AudioRecorder.swift */ = {isa = PBXFileReference; lastKnownFileType = sourcecode.swift; path = AudioRecorder.swift; sourceTree = "<group>"; };
		DC9125212A75866000463A57 /* RecordButton.swift */ = {isa = PBXFileReference; lastKnownFileType = sourcecode.swift; path = RecordButton.swift; sourceTree = "<group>"; };
		DCC3BAD02A75B9DC009F6488 /* watch-app-Watch-App-Info.plist */ = {isa = PBXFileReference; lastKnownFileType = text.plist; path = "watch-app-Watch-App-Info.plist"; sourceTree = SOURCE_ROOT; };
		DCC3BAD12A75BAE7009F6488 /* LocationManager.swift */ = {isa = PBXFileReference; lastKnownFileType = sourcecode.swift; path = LocationManager.swift; sourceTree = "<group>"; };
		DCE8AC142A75390600406CDA /* watch-app.app */ = {isa = PBXFileReference; explicitFileType = wrapper.application; includeInIndex = 0; path = "watch-app.app"; sourceTree = BUILT_PRODUCTS_DIR; };
		DCE8AC1A2A75390600406CDA /* Wrist Aid.app */ = {isa = PBXFileReference; explicitFileType = wrapper.application; includeInIndex = 0; path = "Wrist Aid.app"; sourceTree = BUILT_PRODUCTS_DIR; };
		DCE8AC1F2A75390600406CDA /* watch_appApp.swift */ = {isa = PBXFileReference; lastKnownFileType = sourcecode.swift; path = watch_appApp.swift; sourceTree = "<group>"; };
		DCE8AC212A75390600406CDA /* ContentView.swift */ = {isa = PBXFileReference; lastKnownFileType = sourcecode.swift; path = ContentView.swift; sourceTree = "<group>"; };
		DCE8AC232A75390700406CDA /* Assets.xcassets */ = {isa = PBXFileReference; lastKnownFileType = folder.assetcatalog; path = Assets.xcassets; sourceTree = "<group>"; };
		DCE8AC262A75390700406CDA /* Preview Assets.xcassets */ = {isa = PBXFileReference; lastKnownFileType = folder.assetcatalog; path = "Preview Assets.xcassets"; sourceTree = "<group>"; };
/* End PBXFileReference section */

/* Begin PBXFrameworksBuildPhase section */
		DCE8AC172A75390600406CDA /* Frameworks */ = {
			isa = PBXFrameworksBuildPhase;
			buildActionMask = 2147483647;
			files = (
				DC9125202A75753900463A57 /* SwiftyJSON in Frameworks */,
				DC91251D2A7574ED00463A57 /* Alamofire in Frameworks */,
			);
			runOnlyForDeploymentPostprocessing = 0;
		};
/* End PBXFrameworksBuildPhase section */

/* Begin PBXGroup section */
		DCE8AC0D2A75390600406CDA = {
			isa = PBXGroup;
			children = (
				DCE8AC1E2A75390600406CDA /* watch-app Watch App */,
				DCE8AC152A75390600406CDA /* Products */,
			);
			sourceTree = "<group>";
		};
		DCE8AC152A75390600406CDA /* Products */ = {
			isa = PBXGroup;
			children = (
				DCE8AC142A75390600406CDA /* watch-app.app */,
				DCE8AC1A2A75390600406CDA /* Wrist Aid.app */,
			);
			name = Products;
			sourceTree = "<group>";
		};
		DCE8AC1E2A75390600406CDA /* watch-app Watch App */ = {
			isa = PBXGroup;
			children = (
				DCC3BAD02A75B9DC009F6488 /* watch-app-Watch-App-Info.plist */,
				DC9125212A75866000463A57 /* RecordButton.swift */,
				DCE8AC1F2A75390600406CDA /* watch_appApp.swift */,
				DCE8AC212A75390600406CDA /* ContentView.swift */,
				DC33EBC02A754D4C007EEAAD /* AudioRecorder.swift */,
				DCE8AC232A75390700406CDA /* Assets.xcassets */,
				DCE8AC252A75390700406CDA /* Preview Content */,
				DC2A3B752A75962B0053F194 /* CallList.swift */,
				DC2A3B772A7596790053F194 /* Call.swift */,
				DCC3BAD12A75BAE7009F6488 /* LocationManager.swift */,
			);
			path = "watch-app Watch App";
			sourceTree = "<group>";
		};
		DCE8AC252A75390700406CDA /* Preview Content */ = {
			isa = PBXGroup;
			children = (
				DCE8AC262A75390700406CDA /* Preview Assets.xcassets */,
			);
			path = "Preview Content";
			sourceTree = "<group>";
		};
/* End PBXGroup section */

/* Begin PBXNativeTarget section */
		DCE8AC132A75390600406CDA /* watch-app */ = {
			isa = PBXNativeTarget;
			buildConfigurationList = DCE8AC2E2A75390700406CDA /* Build configuration list for PBXNativeTarget "watch-app" */;
			buildPhases = (
				DCE8AC122A75390600406CDA /* Resources */,
				DCE8AC2D2A75390700406CDA /* Embed Watch Content */,
			);
			buildRules = (
			);
			dependencies = (
				DCE8AC1D2A75390600406CDA /* PBXTargetDependency */,
			);
			name = "watch-app";
			productName = "watch-app";
			productReference = DCE8AC142A75390600406CDA /* watch-app.app */;
			productType = "com.apple.product-type.application.watchapp2-container";
		};
		DCE8AC192A75390600406CDA /* watch-app Watch App */ = {
			isa = PBXNativeTarget;
			buildConfigurationList = DCE8AC2A2A75390700406CDA /* Build configuration list for PBXNativeTarget "watch-app Watch App" */;
			buildPhases = (
				DCE8AC162A75390600406CDA /* Sources */,
				DCE8AC172A75390600406CDA /* Frameworks */,
				DCE8AC182A75390600406CDA /* Resources */,
			);
			buildRules = (
			);
			dependencies = (
			);
			name = "watch-app Watch App";
			packageProductDependencies = (
				DC91251C2A7574ED00463A57 /* Alamofire */,
				DC91251F2A75753900463A57 /* SwiftyJSON */,
			);
			productName = "watch-app Watch App";
			productReference = DCE8AC1A2A75390600406CDA /* Wrist Aid.app */;
			productType = "com.apple.product-type.application";
		};
/* End PBXNativeTarget section */

/* Begin PBXProject section */
		DCE8AC0E2A75390600406CDA /* Project object */ = {
			isa = PBXProject;
			attributes = {
				BuildIndependentTargetsInParallel = 1;
				LastSwiftUpdateCheck = 1430;
				LastUpgradeCheck = 1430;
				TargetAttributes = {
					DCE8AC132A75390600406CDA = {
						CreatedOnToolsVersion = 14.3.1;
					};
					DCE8AC192A75390600406CDA = {
						CreatedOnToolsVersion = 14.3.1;
					};
				};
			};
			buildConfigurationList = DCE8AC112A75390600406CDA /* Build configuration list for PBXProject "watch-app" */;
			compatibilityVersion = "Xcode 14.0";
			developmentRegion = en;
			hasScannedForEncodings = 0;
			knownRegions = (
				en,
				Base,
			);
			mainGroup = DCE8AC0D2A75390600406CDA;
			packageReferences = (
				DC91251B2A7574ED00463A57 /* XCRemoteSwiftPackageReference "Alamofire" */,
				DC91251E2A75753900463A57 /* XCRemoteSwiftPackageReference "SwiftyJSON" */,
			);
			productRefGroup = DCE8AC152A75390600406CDA /* Products */;
			projectDirPath = "";
			projectRoot = "";
			targets = (
				DCE8AC132A75390600406CDA /* watch-app */,
				DCE8AC192A75390600406CDA /* watch-app Watch App */,
			);
		};
/* End PBXProject section */

/* Begin PBXResourcesBuildPhase section */
		DCE8AC122A75390600406CDA /* Resources */ = {
			isa = PBXResourcesBuildPhase;
			buildActionMask = 2147483647;
			files = (
			);
			runOnlyForDeploymentPostprocessing = 0;
		};
		DCE8AC182A75390600406CDA /* Resources */ = {
			isa = PBXResourcesBuildPhase;
			buildActionMask = 2147483647;
			files = (
				DCE8AC272A75390700406CDA /* Preview Assets.xcassets in Resources */,
				DCE8AC242A75390700406CDA /* Assets.xcassets in Resources */,
			);
			runOnlyForDeploymentPostprocessing = 0;
		};
/* End PBXResourcesBuildPhase section */

/* Begin PBXSourcesBuildPhase section */
		DCE8AC162A75390600406CDA /* Sources */ = {
			isa = PBXSourcesBuildPhase;
			buildActionMask = 2147483647;
			files = (
				DC9125222A75866000463A57 /* RecordButton.swift in Sources */,
				DC2A3B782A7596790053F194 /* Call.swift in Sources */,
				DC2A3B762A75962B0053F194 /* CallList.swift in Sources */,
				DCC3BAD22A75BAE7009F6488 /* LocationManager.swift in Sources */,
				DC33EBC12A754D4C007EEAAD /* AudioRecorder.swift in Sources */,
				DCE8AC222A75390600406CDA /* ContentView.swift in Sources */,
				DCE8AC202A75390600406CDA /* watch_appApp.swift in Sources */,
			);
			runOnlyForDeploymentPostprocessing = 0;
		};
/* End PBXSourcesBuildPhase section */

/* Begin PBXTargetDependency section */
		DCE8AC1D2A75390600406CDA /* PBXTargetDependency */ = {
			isa = PBXTargetDependency;
			target = DCE8AC192A75390600406CDA /* watch-app Watch App */;
			targetProxy = DCE8AC1C2A75390600406CDA /* PBXContainerItemProxy */;
		};
/* End PBXTargetDependency section */

/* Begin XCBuildConfiguration section */
		DCE8AC282A75390700406CDA /* Debug */ = {
			isa = XCBuildConfiguration;
			buildSettings = {
				ALWAYS_SEARCH_USER_PATHS = NO;
				CLANG_ANALYZER_NONNULL = YES;
				CLANG_ANALYZER_NUMBER_OBJECT_CONVERSION = YES_AGGRESSIVE;
				CLANG_CXX_LANGUAGE_STANDARD = "gnu++20";
				CLANG_ENABLE_MODULES = YES;
				CLANG_ENABLE_OBJC_ARC = YES;
				CLANG_ENABLE_OBJC_WEAK = YES;
				CLANG_WARN_BLOCK_CAPTURE_AUTORELEASING = YES;
				CLANG_WARN_BOOL_CONVERSION = YES;
				CLANG_WARN_COMMA = YES;
				CLANG_WARN_CONSTANT_CONVERSION = YES;
				CLANG_WARN_DEPRECATED_OBJC_IMPLEMENTATIONS = YES;
				CLANG_WARN_DIRECT_OBJC_ISA_USAGE = YES_ERROR;
				CLANG_WARN_DOCUMENTATION_COMMENTS = YES;
				CLANG_WARN_EMPTY_BODY = YES;
				CLANG_WARN_ENUM_CONVERSION = YES;
				CLANG_WARN_INFINITE_RECURSION = YES;
				CLANG_WARN_INT_CONVERSION = YES;
				CLANG_WARN_NON_LITERAL_NULL_CONVERSION = YES;
				CLANG_WARN_OBJC_IMPLICIT_RETAIN_SELF = YES;
				CLANG_WARN_OBJC_LITERAL_CONVERSION = YES;
				CLANG_WARN_OBJC_ROOT_CLASS = YES_ERROR;
				CLANG_WARN_QUOTED_INCLUDE_IN_FRAMEWORK_HEADER = YES;
				CLANG_WARN_RANGE_LOOP_ANALYSIS = YES;
				CLANG_WARN_STRICT_PROTOTYPES = YES;
				CLANG_WARN_SUSPICIOUS_MOVE = YES;
				CLANG_WARN_UNGUARDED_AVAILABILITY = YES_AGGRESSIVE;
				CLANG_WARN_UNREACHABLE_CODE = YES;
				CLANG_WARN__DUPLICATE_METHOD_MATCH = YES;
				COPY_PHASE_STRIP = NO;
				DEBUG_INFORMATION_FORMAT = dwarf;
				ENABLE_STRICT_OBJC_MSGSEND = YES;
				ENABLE_TESTABILITY = YES;
				GCC_C_LANGUAGE_STANDARD = gnu11;
				GCC_DYNAMIC_NO_PIC = NO;
				GCC_NO_COMMON_BLOCKS = YES;
				GCC_OPTIMIZATION_LEVEL = 0;
				GCC_PREPROCESSOR_DEFINITIONS = (
					"DEBUG=1",
					"$(inherited)",
				);
				GCC_WARN_64_TO_32_BIT_CONVERSION = YES;
				GCC_WARN_ABOUT_RETURN_TYPE = YES_ERROR;
				GCC_WARN_UNDECLARED_SELECTOR = YES;
				GCC_WARN_UNINITIALIZED_AUTOS = YES_AGGRESSIVE;
				GCC_WARN_UNUSED_FUNCTION = YES;
				GCC_WARN_UNUSED_VARIABLE = YES;
				MTL_ENABLE_DEBUG_INFO = INCLUDE_SOURCE;
				MTL_FAST_MATH = YES;
				ONLY_ACTIVE_ARCH = YES;
				SWIFT_ACTIVE_COMPILATION_CONDITIONS = DEBUG;
				SWIFT_OPTIMIZATION_LEVEL = "-Onone";
			};
			name = Debug;
		};
		DCE8AC292A75390700406CDA /* Release */ = {
			isa = XCBuildConfiguration;
			buildSettings = {
				ALWAYS_SEARCH_USER_PATHS = NO;
				CLANG_ANALYZER_NONNULL = YES;
				CLANG_ANALYZER_NUMBER_OBJECT_CONVERSION = YES_AGGRESSIVE;
				CLANG_CXX_LANGUAGE_STANDARD = "gnu++20";
				CLANG_ENABLE_MODULES = YES;
				CLANG_ENABLE_OBJC_ARC = YES;
				CLANG_ENABLE_OBJC_WEAK = YES;
				CLANG_WARN_BLOCK_CAPTURE_AUTORELEASING = YES;
				CLANG_WARN_BOOL_CONVERSION = YES;
				CLANG_WARN_COMMA = YES;
				CLANG_WARN_CONSTANT_CONVERSION = YES;
				CLANG_WARN_DEPRECATED_OBJC_IMPLEMENTATIONS = YES;
				CLANG_WARN_DIRECT_OBJC_ISA_USAGE = YES_ERROR;
				CLANG_WARN_DOCUMENTATION_COMMENTS = YES;
				CLANG_WARN_EMPTY_BODY = YES;
				CLANG_WARN_ENUM_CONVERSION = YES;
				CLANG_WARN_INFINITE_RECURSION = YES;
				CLANG_WARN_INT_CONVERSION = YES;
				CLANG_WARN_NON_LITERAL_NULL_CONVERSION = YES;
				CLANG_WARN_OBJC_IMPLICIT_RETAIN_SELF = YES;
				CLANG_WARN_OBJC_LITERAL_CONVERSION = YES;
				CLANG_WARN_OBJC_ROOT_CLASS = YES_ERROR;
				CLANG_WARN_QUOTED_INCLUDE_IN_FRAMEWORK_HEADER = YES;
				CLANG_WARN_RANGE_LOOP_ANALYSIS = YES;
				CLANG_WARN_STRICT_PROTOTYPES = YES;
				CLANG_WARN_SUSPICIOUS_MOVE = YES;
				CLANG_WARN_UNGUARDED_AVAILABILITY = YES_AGGRESSIVE;
				CLANG_WARN_UNREACHABLE_CODE = YES;
				CLANG_WARN__DUPLICATE_METHOD_MATCH = YES;
				COPY_PHASE_STRIP = NO;
				DEBUG_INFORMATION_FORMAT = "dwarf-with-dsym";
				ENABLE_NS_ASSERTIONS = NO;
				ENABLE_STRICT_OBJC_MSGSEND = YES;
				GCC_C_LANGUAGE_STANDARD = gnu11;
				GCC_NO_COMMON_BLOCKS = YES;
				GCC_WARN_64_TO_32_BIT_CONVERSION = YES;
				GCC_WARN_ABOUT_RETURN_TYPE = YES_ERROR;
				GCC_WARN_UNDECLARED_SELECTOR = YES;
				GCC_WARN_UNINITIALIZED_AUTOS = YES_AGGRESSIVE;
				GCC_WARN_UNUSED_FUNCTION = YES;
				GCC_WARN_UNUSED_VARIABLE = YES;
				MTL_ENABLE_DEBUG_INFO = NO;
				MTL_FAST_MATH = YES;
				SWIFT_COMPILATION_MODE = wholemodule;
				SWIFT_OPTIMIZATION_LEVEL = "-O";
			};
			name = Release;
		};
		DCE8AC2B2A75390700406CDA /* Debug */ = {
			isa = XCBuildConfiguration;
			buildSettings = {
				ASSETCATALOG_COMPILER_APPICON_NAME = AppIcon;
				ASSETCATALOG_COMPILER_GLOBAL_ACCENT_COLOR_NAME = AccentColor;
				CODE_SIGN_STYLE = Automatic;
				CURRENT_PROJECT_VERSION = 1;
				DEVELOPMENT_ASSET_PATHS = "\"watch-app Watch App/Preview Content\"";
				DEVELOPMENT_TEAM = AV49LHUWT3;
				ENABLE_PREVIEWS = YES;
				GENERATE_INFOPLIST_FILE = YES;
				INFOPLIST_FILE = "watch-app-Watch-App-Info.plist";
				INFOPLIST_KEY_NSLocationWhenInUseUsageDescription = "This is used for the map, to guide the user to the target";
				INFOPLIST_KEY_NSMicrophoneUsageDescription = "The microphone stream is sent to the dispatcher";
				INFOPLIST_KEY_UISupportedInterfaceOrientations = "UIInterfaceOrientationPortrait UIInterfaceOrientationPortraitUpsideDown";
				INFOPLIST_KEY_WKWatchOnly = YES;
				LD_RUNPATH_SEARCH_PATHS = (
					"$(inherited)",
					"@executable_path/Frameworks",
				);
				MARKETING_VERSION = 0.1;
				PRODUCT_BUNDLE_IDENTIFIER = "com.wrist-aid.watch-app.watchkitapp";
				PRODUCT_NAME = "Wrist Aid";
				SDKROOT = watchos;
				SKIP_INSTALL = YES;
				SWIFT_EMIT_LOC_STRINGS = YES;
				SWIFT_VERSION = 5.0;
				TARGETED_DEVICE_FAMILY = 4;
				WATCHOS_DEPLOYMENT_TARGET = 9.4;
			};
			name = Debug;
		};
		DCE8AC2C2A75390700406CDA /* Release */ = {
			isa = XCBuildConfiguration;
			buildSettings = {
				ASSETCATALOG_COMPILER_APPICON_NAME = AppIcon;
				ASSETCATALOG_COMPILER_GLOBAL_ACCENT_COLOR_NAME = AccentColor;
				CODE_SIGN_STYLE = Automatic;
				CURRENT_PROJECT_VERSION = 1;
				DEVELOPMENT_ASSET_PATHS = "\"watch-app Watch App/Preview Content\"";
				DEVELOPMENT_TEAM = AV49LHUWT3;
				ENABLE_PREVIEWS = YES;
				GENERATE_INFOPLIST_FILE = YES;
				INFOPLIST_FILE = "watch-app-Watch-App-Info.plist";
				INFOPLIST_KEY_NSLocationWhenInUseUsageDescription = "This is used for the map, to guide the user to the target";
				INFOPLIST_KEY_NSMicrophoneUsageDescription = "The microphone stream is sent to the dispatcher";
				INFOPLIST_KEY_UISupportedInterfaceOrientations = "UIInterfaceOrientationPortrait UIInterfaceOrientationPortraitUpsideDown";
				INFOPLIST_KEY_WKWatchOnly = YES;
				LD_RUNPATH_SEARCH_PATHS = (
					"$(inherited)",
					"@executable_path/Frameworks",
				);
				MARKETING_VERSION = 0.1;
				PRODUCT_BUNDLE_IDENTIFIER = "com.wrist-aid.watch-app.watchkitapp";
				PRODUCT_NAME = "Wrist Aid";
				SDKROOT = watchos;
				SKIP_INSTALL = YES;
				SWIFT_EMIT_LOC_STRINGS = YES;
				SWIFT_VERSION = 5.0;
				TARGETED_DEVICE_FAMILY = 4;
				VALIDATE_PRODUCT = YES;
				WATCHOS_DEPLOYMENT_TARGET = 9.4;
			};
			name = Release;
		};
		DCE8AC2F2A75390700406CDA /* Debug */ = {
			isa = XCBuildConfiguration;
			buildSettings = {
				ALWAYS_EMBED_SWIFT_STANDARD_LIBRARIES = YES;
				CODE_SIGN_STYLE = Automatic;
				CURRENT_PROJECT_VERSION = 1;
				DEVELOPMENT_TEAM = AV49LHUWT3;
				INFOPLIST_KEY_CFBundleDisplayName = "watch-app";
				MARKETING_VERSION = 1.0;
				PRODUCT_BUNDLE_IDENTIFIER = "com.wrist-aid.watch-app";
				PRODUCT_NAME = "$(TARGET_NAME)";
				SDKROOT = iphoneos;
				SWIFT_VERSION = 5.0;
			};
			name = Debug;
		};
		DCE8AC302A75390700406CDA /* Release */ = {
			isa = XCBuildConfiguration;
			buildSettings = {
				ALWAYS_EMBED_SWIFT_STANDARD_LIBRARIES = YES;
				CODE_SIGN_STYLE = Automatic;
				CURRENT_PROJECT_VERSION = 1;
				DEVELOPMENT_TEAM = AV49LHUWT3;
				INFOPLIST_KEY_CFBundleDisplayName = "watch-app";
				MARKETING_VERSION = 1.0;
				PRODUCT_BUNDLE_IDENTIFIER = "com.wrist-aid.watch-app";
				PRODUCT_NAME = "$(TARGET_NAME)";
				SDKROOT = iphoneos;
				SWIFT_VERSION = 5.0;
				VALIDATE_PRODUCT = YES;
			};
			name = Release;
		};
/* End XCBuildConfiguration section */

/* Begin XCConfigurationList section */
		DCE8AC112A75390600406CDA /* Build configuration list for PBXProject "watch-app" */ = {
			isa = XCConfigurationList;
			buildConfigurations = (
				DCE8AC282A75390700406CDA /* Debug */,
				DCE8AC292A75390700406CDA /* Release */,
			);
			defaultConfigurationIsVisible = 0;
			defaultConfigurationName = Release;
		};
		DCE8AC2A2A75390700406CDA /* Build configuration list for PBXNativeTarget "watch-app Watch App" */ = {
			isa = XCConfigurationList;
			buildConfigurations = (
				DCE8AC2B2A75390700406CDA /* Debug */,
				DCE8AC2C2A75390700406CDA /* Release */,
			);
			defaultConfigurationIsVisible = 0;
			defaultConfigurationName = Release;
		};
		DCE8AC2E2A75390700406CDA /* Build configuration list for PBXNativeTarget "watch-app" */ = {
			isa = XCConfigurationList;
			buildConfigurations = (
				DCE8AC2F2A75390700406CDA /* Debug */,
				DCE8AC302A75390700406CDA /* Release */,
			);
			defaultConfigurationIsVisible = 0;
			defaultConfigurationName = Release;
		};
/* End XCConfigurationList section */

/* Begin XCRemoteSwiftPackageReference section */
		DC91251B2A7574ED00463A57 /* XCRemoteSwiftPackageReference "Alamofire" */ = {
			isa = XCRemoteSwiftPackageReference;
			repositoryURL = "https://github.com/Alamofire/Alamofire.git";
			requirement = {
				kind = upToNextMajorVersion;
				minimumVersion = 5.0.0;
			};
		};
		DC91251E2A75753900463A57 /* XCRemoteSwiftPackageReference "SwiftyJSON" */ = {
			isa = XCRemoteSwiftPackageReference;
			repositoryURL = "https://github.com/SwiftyJSON/SwiftyJSON";
			requirement = {
				kind = upToNextMajorVersion;
				minimumVersion = 5.0.0;
			};
		};
/* End XCRemoteSwiftPackageReference section */

/* Begin XCSwiftPackageProductDependency section */
		DC91251C2A7574ED00463A57 /* Alamofire */ = {
			isa = XCSwiftPackageProductDependency;
			package = DC91251B2A7574ED00463A57 /* XCRemoteSwiftPackageReference "Alamofire" */;
			productName = Alamofire;
		};
		DC91251F2A75753900463A57 /* SwiftyJSON */ = {
			isa = XCSwiftPackageProductDependency;
			package = DC91251E2A75753900463A57 /* XCRemoteSwiftPackageReference "SwiftyJSON" */;
			productName = SwiftyJSON;
		};
/* End XCSwiftPackageProductDependency section */
	};
	rootObject = DCE8AC0E2A75390600406CDA /* Project object */;
}
